// !$*UTF8*$!
{
	archiveVersion = 1;
	classes = {
	};
	objectVersion = 46;
	objects = {

/* Begin PBXBuildFile section */
		35EC318314520D6F0019AA2D /* UIKit.framework in Frameworks */ = {isa = PBXBuildFile; fileRef = 35EC318214520D6F0019AA2D /* UIKit.framework */; };
		35EC318514520D6F0019AA2D /* Foundation.framework in Frameworks */ = {isa = PBXBuildFile; fileRef = 35EC318414520D6F0019AA2D /* Foundation.framework */; };
		35EC318714520D6F0019AA2D /* CoreGraphics.framework in Frameworks */ = {isa = PBXBuildFile; fileRef = 35EC318614520D6F0019AA2D /* CoreGraphics.framework */; };
		35EC318D14520D6F0019AA2D /* InfoPlist.strings in Resources */ = {isa = PBXBuildFile; fileRef = 35EC318B14520D6F0019AA2D /* InfoPlist.strings */; };
		35EC318F14520D6F0019AA2D /* main.m in Sources */ = {isa = PBXBuildFile; fileRef = 35EC318E14520D6F0019AA2D /* main.m */; };
		35EC319314520D6F0019AA2D /* AppDelegate.m in Sources */ = {isa = PBXBuildFile; fileRef = 35EC319214520D6F0019AA2D /* AppDelegate.m */; };
		35EC319614520D6F0019AA2D /* MainStoryboard.storyboard in Resources */ = {isa = PBXBuildFile; fileRef = 35EC319414520D6F0019AA2D /* MainStoryboard.storyboard */; };
		35EC319914520D6F0019AA2D /* ViewController.m in Sources */ = {isa = PBXBuildFile; fileRef = 35EC319814520D6F0019AA2D /* ViewController.m */; };
		35EC31A714520EC50019AA2D /* CheatSheetButton.png in Resources */ = {isa = PBXBuildFile; fileRef = 35EC319F14520EC50019AA2D /* CheatSheetButton.png */; };
		35EC31A814520EC50019AA2D /* CheatSheetButton@2x.png in Resources */ = {isa = PBXBuildFile; fileRef = 35EC31A014520EC50019AA2D /* CheatSheetButton@2x.png */; };
		35EC31A914520EC50019AA2D /* HorizontalTablesButton.png in Resources */ = {isa = PBXBuildFile; fileRef = 35EC31A114520EC50019AA2D /* HorizontalTablesButton.png */; };
		35EC31AA14520EC50019AA2D /* HorizontalTablesButton@2x.png in Resources */ = {isa = PBXBuildFile; fileRef = 35EC31A214520EC50019AA2D /* HorizontalTablesButton@2x.png */; };
		35EC31AB14520EC50019AA2D /* PathfindingButton.png in Resources */ = {isa = PBXBuildFile; fileRef = 35EC31A314520EC50019AA2D /* PathfindingButton.png */; };
		35EC31AC14520EC50019AA2D /* PathfindingButton@2x.png in Resources */ = {isa = PBXBuildFile; fileRef = 35EC31A414520EC50019AA2D /* PathfindingButton@2x.png */; };
		35EC31AD14520EC50019AA2D /* UIKitButton.png in Resources */ = {isa = PBXBuildFile; fileRef = 35EC31A514520EC50019AA2D /* UIKitButton.png */; };
		35EC31AE14520EC50019AA2D /* UIKitButton@2x.png in Resources */ = {isa = PBXBuildFile; fileRef = 35EC31A614520EC50019AA2D /* UIKitButton@2x.png */; };
		35EC31B0145213620019AA2D /* Twitter.framework in Frameworks */ = {isa = PBXBuildFile; fileRef = 35EC31AF145213610019AA2D /* Twitter.framework */; };
/* End PBXBuildFile section */

/* Begin PBXFileReference section */
		35EC317E14520D6F0019AA2D /* SimpleTweet.app */ = {isa = PBXFileReference; explicitFileType = wrapper.application; includeInIndex = 0; path = SimpleTweet.app; sourceTree = BUILT_PRODUCTS_DIR; };
		35EC318214520D6F0019AA2D /* UIKit.framework */ = {isa = PBXFileReference; lastKnownFileType = wrapper.framework; name = UIKit.framework; path = System/Library/Frameworks/UIKit.framework; sourceTree = SDKROOT; };
		35EC318414520D6F0019AA2D /* Foundation.framework */ = {isa = PBXFileReference; lastKnownFileType = wrapper.framework; name = Foundation.framework; path = System/Library/Frameworks/Foundation.framework; sourceTree = SDKROOT; };
		35EC318614520D6F0019AA2D /* CoreGraphics.framework */ = {isa = PBXFileReference; lastKnownFileType = wrapper.framework; name = CoreGraphics.framework; path = System/Library/Frameworks/CoreGraphics.framework; sourceTree = SDKROOT; };
		35EC318A14520D6F0019AA2D /* SimpleTweet-Info.plist */ = {isa = PBXFileReference; lastKnownFileType = text.plist.xml; path = "SimpleTweet-Info.plist"; sourceTree = "<group>"; };
		35EC318C14520D6F0019AA2D /* en */ = {isa = PBXFileReference; lastKnownFileType = text.plist.strings; name = en; path = en.lproj/InfoPlist.strings; sourceTree = "<group>"; };
		35EC318E14520D6F0019AA2D /* main.m */ = {isa = PBXFileReference; lastKnownFileType = sourcecode.c.objc; path = main.m; sourceTree = "<group>"; };
		35EC319014520D6F0019AA2D /* SimpleTweet-Prefix.pch */ = {isa = PBXFileReference; lastKnownFileType = sourcecode.c.h; path = "SimpleTweet-Prefix.pch"; sourceTree = "<group>"; };
		35EC319114520D6F0019AA2D /* AppDelegate.h */ = {isa = PBXFileReference; lastKnownFileType = sourcecode.c.h; path = AppDelegate.h; sourceTree = "<group>"; };
		35EC319214520D6F0019AA2D /* AppDelegate.m */ = {isa = PBXFileReference; lastKnownFileType = sourcecode.c.objc; path = AppDelegate.m; sourceTree = "<group>"; };
		35EC319514520D6F0019AA2D /* en */ = {isa = PBXFileReference; lastKnownFileType = file.storyboard; name = en; path = en.lproj/MainStoryboard.storyboard; sourceTree = "<group>"; };
		35EC319714520D6F0019AA2D /* ViewController.h */ = {isa = PBXFileReference; lastKnownFileType = sourcecode.c.h; path = ViewController.h; sourceTree = "<group>"; };
		35EC319814520D6F0019AA2D /* ViewController.m */ = {isa = PBXFileReference; lastKnownFileType = sourcecode.c.objc; path = ViewController.m; sourceTree = "<group>"; };
		35EC319F14520EC50019AA2D /* CheatSheetButton.png */ = {isa = PBXFileReference; lastKnownFileType = image.png; path = CheatSheetButton.png; sourceTree = "<group>"; };
		35EC31A014520EC50019AA2D /* CheatSheetButton@2x.png */ = {isa = PBXFileReference; lastKnownFileType = image.png; path = "CheatSheetButton@2x.png"; sourceTree = "<group>"; };
		35EC31A114520EC50019AA2D /* HorizontalTablesButton.png */ = {isa = PBXFileReference; lastKnownFileType = image.png; path = HorizontalTablesButton.png; sourceTree = "<group>"; };
		35EC31A214520EC50019AA2D /* HorizontalTablesButton@2x.png */ = {isa = PBXFileReference; lastKnownFileType = image.png; path = "HorizontalTablesButton@2x.png"; sourceTree = "<group>"; };
		35EC31A314520EC50019AA2D /* PathfindingButton.png */ = {isa = PBXFileReference; lastKnownFileType = image.png; path = PathfindingButton.png; sourceTree = "<group>"; };
		35EC31A414520EC50019AA2D /* PathfindingButton@2x.png */ = {isa = PBXFileReference; lastKnownFileType = image.png; path = "PathfindingButton@2x.png"; sourceTree = "<group>"; };
		35EC31A514520EC50019AA2D /* UIKitButton.png */ = {isa = PBXFileReference; lastKnownFileType = image.png; path = UIKitButton.png; sourceTree = "<group>"; };
		35EC31A614520EC50019AA2D /* UIKitButton@2x.png */ = {isa = PBXFileReference; lastKnownFileType = image.png; path = "UIKitButton@2x.png"; sourceTree = "<group>"; };
		35EC31AF145213610019AA2D /* Twitter.framework */ = {isa = PBXFileReference; lastKnownFileType = wrapper.framework; name = Twitter.framework; path = System/Library/Frameworks/Twitter.framework; sourceTree = SDKROOT; };
/* End PBXFileReference section */

/* Begin PBXFrameworksBuildPhase section */
		35EC317B14520D6F0019AA2D /* Frameworks */ = {
			isa = PBXFrameworksBuildPhase;
			buildActionMask = 2147483647;
			files = (
				35EC31B0145213620019AA2D /* Twitter.framework in Frameworks */,
				35EC318314520D6F0019AA2D /* UIKit.framework in Frameworks */,
				35EC318514520D6F0019AA2D /* Foundation.framework in Frameworks */,
				35EC318714520D6F0019AA2D /* CoreGraphics.framework in Frameworks */,
			);
			runOnlyForDeploymentPostprocessing = 0;
		};
/* End PBXFrameworksBuildPhase section */

/* Begin PBXGroup section */
		35EC317314520D6F0019AA2D = {
			isa = PBXGroup;
			children = (
				35EC31AF145213610019AA2D /* Twitter.framework */,
				35EC318814520D6F0019AA2D /* SimpleTweet */,
				35EC318114520D6F0019AA2D /* Frameworks */,
				35EC317F14520D6F0019AA2D /* Products */,
			);
			sourceTree = "<group>";
		};
		35EC317F14520D6F0019AA2D /* Products */ = {
			isa = PBXGroup;
			children = (
				35EC317E14520D6F0019AA2D /* SimpleTweet.app */,
			);
			name = Products;
			sourceTree = "<group>";
		};
		35EC318114520D6F0019AA2D /* Frameworks */ = {
			isa = PBXGroup;
			children = (
				35EC318214520D6F0019AA2D /* UIKit.framework */,
				35EC318414520D6F0019AA2D /* Foundation.framework */,
				35EC318614520D6F0019AA2D /* CoreGraphics.framework */,
			);
			name = Frameworks;
			sourceTree = "<group>";
		};
		35EC318814520D6F0019AA2D /* SimpleTweet */ = {
			isa = PBXGroup;
			children = (
				35EC319114520D6F0019AA2D /* AppDelegate.h */,
				35EC319214520D6F0019AA2D /* AppDelegate.m */,
				35EC319414520D6F0019AA2D /* MainStoryboard.storyboard */,
				35EC319714520D6F0019AA2D /* ViewController.h */,
				35EC319814520D6F0019AA2D /* ViewController.m */,
				35EC318914520D6F0019AA2D /* Supporting Files */,
			);
			path = SimpleTweet;
			sourceTree = "<group>";
		};
		35EC318914520D6F0019AA2D /* Supporting Files */ = {
			isa = PBXGroup;
			children = (
				35EC319F14520EC50019AA2D /* CheatSheetButton.png */,
				35EC31A014520EC50019AA2D /* CheatSheetButton@2x.png */,
				35EC31A114520EC50019AA2D /* HorizontalTablesButton.png */,
				35EC31A214520EC50019AA2D /* HorizontalTablesButton@2x.png */,
				35EC31A314520EC50019AA2D /* PathfindingButton.png */,
				35EC31A414520EC50019AA2D /* PathfindingButton@2x.png */,
				35EC31A514520EC50019AA2D /* UIKitButton.png */,
				35EC31A614520EC50019AA2D /* UIKitButton@2x.png */,
				35EC318A14520D6F0019AA2D /* SimpleTweet-Info.plist */,
				35EC318B14520D6F0019AA2D /* InfoPlist.strings */,
				35EC318E14520D6F0019AA2D /* main.m */,
				35EC319014520D6F0019AA2D /* SimpleTweet-Prefix.pch */,
			);
			name = "Supporting Files";
			sourceTree = "<group>";
		};
/* End PBXGroup section */

/* Begin PBXNativeTarget section */
		35EC317D14520D6F0019AA2D /* SimpleTweet */ = {
			isa = PBXNativeTarget;
			buildConfigurationList = 35EC319C14520D6F0019AA2D /* Build configuration list for PBXNativeTarget "SimpleTweet" */;
			buildPhases = (
				35EC317A14520D6F0019AA2D /* Sources */,
				35EC317B14520D6F0019AA2D /* Frameworks */,
				35EC317C14520D6F0019AA2D /* Resources */,
			);
			buildRules = (
			);
			dependencies = (
			);
			name = SimpleTweet;
			productName = SimpleTweet;
			productReference = 35EC317E14520D6F0019AA2D /* SimpleTweet.app */;
			productType = "com.apple.product-type.application";
		};
/* End PBXNativeTarget section */

/* Begin PBXProject section */
		35EC317514520D6F0019AA2D /* Project object */ = {
			isa = PBXProject;
			attributes = {
				LastUpgradeCheck = 0420;
			};
			buildConfigurationList = 35EC317814520D6F0019AA2D /* Build configuration list for PBXProject "SimpleTweet" */;
			compatibilityVersion = "Xcode 3.2";
			developmentRegion = English;
			hasScannedForEncodings = 0;
			knownRegions = (
				en,
			);
			mainGroup = 35EC317314520D6F0019AA2D;
			productRefGroup = 35EC317F14520D6F0019AA2D /* Products */;
			projectDirPath = "";
			projectRoot = "";
			targets = (
				35EC317D14520D6F0019AA2D /* SimpleTweet */,
			);
		};
/* End PBXProject section */

/* Begin PBXResourcesBuildPhase section */
		35EC317C14520D6F0019AA2D /* Resources */ = {
			isa = PBXResourcesBuildPhase;
			buildActionMask = 2147483647;
			files = (
				35EC318D14520D6F0019AA2D /* InfoPlist.strings in Resources */,
				35EC319614520D6F0019AA2D /* MainStoryboard.storyboard in Resources */,
				35EC31A714520EC50019AA2D /* CheatSheetButton.png in Resources */,
				35EC31A814520EC50019AA2D /* CheatSheetButton@2x.png in Resources */,
				35EC31A914520EC50019AA2D /* HorizontalTablesButton.png in Resources */,
				35EC31AA14520EC50019AA2D /* HorizontalTablesButton@2x.png in Resources */,
				35EC31AB14520EC50019AA2D /* PathfindingButton.png in Resources */,
				35EC31AC14520EC50019AA2D /* PathfindingButton@2x.png in Resources */,
				35EC31AD14520EC50019AA2D /* UIKitButton.png in Resources */,
				35EC31AE14520EC50019AA2D /* UIKitButton@2x.png in Resources */,
			);
			runOnlyForDeploymentPostprocessing = 0;
		};
/* End PBXResourcesBuildPhase section */

/* Begin PBXSourcesBuildPhase section */
		35EC317A14520D6F0019AA2D /* Sources */ = {
			isa = PBXSourcesBuildPhase;
			buildActionMask = 2147483647;
			files = (
				35EC318F14520D6F0019AA2D /* main.m in Sources */,
				35EC319314520D6F0019AA2D /* AppDelegate.m in Sources */,
				35EC319914520D6F0019AA2D /* ViewController.m in Sources */,
			);
			runOnlyForDeploymentPostprocessing = 0;
		};
/* End PBXSourcesBuildPhase section */

/* Begin PBXVariantGroup section */
		35EC318B14520D6F0019AA2D /* InfoPlist.strings */ = {
			isa = PBXVariantGroup;
			children = (
				35EC318C14520D6F0019AA2D /* en */,
			);
			name = InfoPlist.strings;
			sourceTree = "<group>";
		};
		35EC319414520D6F0019AA2D /* MainStoryboard.storyboard */ = {
			isa = PBXVariantGroup;
			children = (
				35EC319514520D6F0019AA2D /* en */,
			);
			name = MainStoryboard.storyboard;
			sourceTree = "<group>";
		};
/* End PBXVariantGroup section */

/* Begin XCBuildConfiguration section */
		35EC319A14520D6F0019AA2D /* Debug */ = {
			isa = XCBuildConfiguration;
			buildSettings = {
				ALWAYS_SEARCH_USER_PATHS = NO;
				ARCHS = "$(ARCHS_STANDARD_32_BIT)";
				CLANG_ENABLE_OBJC_ARC = YES;
				"CODE_SIGN_IDENTITY[sdk=iphoneos*]" = "iPhone Developer";
				COPY_PHASE_STRIP = NO;
				GCC_C_LANGUAGE_STANDARD = gnu99;
				GCC_DYNAMIC_NO_PIC = NO;
				GCC_OPTIMIZATION_LEVEL = 0;
				GCC_PREPROCESSOR_DEFINITIONS = (
					"DEBUG=1",
					"$(inherited)",
				);
				GCC_SYMBOLS_PRIVATE_EXTERN = NO;
				GCC_VERSION = com.apple.compilers.llvm.clang.1_0;
				GCC_WARN_ABOUT_MISSING_PROTOTYPES = YES;
				GCC_WARN_ABOUT_RETURN_TYPE = YES;
				GCC_WARN_UNUSED_VARIABLE = YES;
				IPHONEOS_DEPLOYMENT_TARGET = 5.0;
				SDKROOT = iphoneos;
			};
			name = Debug;
		};
		35EC319B14520D6F0019AA2D /* Release */ = {
			isa = XCBuildConfiguration;
			buildSettings = {
				ALWAYS_SEARCH_USER_PATHS = NO;
				ARCHS = "$(ARCHS_STANDARD_32_BIT)";
				CLANG_ENABLE_OBJC_ARC = YES;
				"CODE_SIGN_IDENTITY[sdk=iphoneos*]" = "iPhone Developer";
				COPY_PHASE_STRIP = YES;
				GCC_C_LANGUAGE_STANDARD = gnu99;
				GCC_VERSION = com.apple.compilers.llvm.clang.1_0;
				GCC_WARN_ABOUT_MISSING_PROTOTYPES = YES;
				GCC_WARN_ABOUT_RETURN_TYPE = YES;
				GCC_WARN_UNUSED_VARIABLE = YES;
				IPHONEOS_DEPLOYMENT_TARGET = 5.0;
				OTHER_CFLAGS = "-DNS_BLOCK_ASSERTIONS=1";
				SDKROOT = iphoneos;
				VALIDATE_PRODUCT = YES;
			};
			name = Release;
		};
		35EC319D14520D6F0019AA2D /* Debug */ = {
			isa = XCBuildConfiguration;
			buildSettings = {
				GCC_PRECOMPILE_PREFIX_HEADER = YES;
				GCC_PREFIX_HEADER = "SimpleTweet/SimpleTweet-Prefix.pch";
				INFOPLIST_FILE = "SimpleTweet/SimpleTweet-Info.plist";
				PRODUCT_NAME = "$(TARGET_NAME)";
				WRAPPER_EXTENSION = app;
			};
			name = Debug;
		};
		35EC319E14520D6F0019AA2D /* Release */ = {
			isa = XCBuildConfiguration;
			buildSettings = {
				GCC_PRECOMPILE_PREFIX_HEADER = YES;
				GCC_PREFIX_HEADER = "SimpleTweet/SimpleTweet-Prefix.pch";
				INFOPLIST_FILE = "SimpleTweet/SimpleTweet-Info.plist";
				PRODUCT_NAME = "$(TARGET_NAME)";
				WRAPPER_EXTENSION = app;
			};
			name = Release;
		};
/* End XCBuildConfiguration section */

/* Begin XCConfigurationList section */
		35EC317814520D6F0019AA2D /* Build configuration list for PBXProject "SimpleTweet" */ = {
			isa = XCConfigurationList;
			buildConfigurations = (
				35EC319A14520D6F0019AA2D /* Debug */,
				35EC319B14520D6F0019AA2D /* Release */,
			);
			defaultConfigurationIsVisible = 0;
			defaultConfigurationName = Release;
		};
		35EC319C14520D6F0019AA2D /* Build configuration list for PBXNativeTarget "SimpleTweet" */ = {
			isa = XCConfigurationList;
			buildConfigurations = (
				35EC319D14520D6F0019AA2D /* Debug */,
				35EC319E14520D6F0019AA2D /* Release */,
			);
			defaultConfigurationIsVisible = 0;
		};
/* End XCConfigurationList section */
	};
	rootObject = 35EC317514520D6F0019AA2D /* Project object */;
}
